
Microsoft Visual Studio Solution File, Format Version 12.00
# Visual Studio 15
Project("{FAE04EC0-301F-11D3-BF4B-00C04F79EFBC}") = "SecureXamarin.Android", "SecureXamarin.Android\SecureXamarin.Android.csproj", "{7781299E-8FC7-4573-BA80-4385CE45F403}"
EndProject
Project("{FAE04EC0-301F-11D3-BF4B-00C04F79EFBC}") = "SecureXamarin.iOS", "SecureXamarin.iOS\SecureXamarin.iOS.csproj", "{E6E2FACF-1564-4EBF-80A7-06B58C0A3BB4}"
EndProject
Project("{FAE04EC0-301F-11D3-BF4B-00C04F79EFBC}") = "SecureXamarin", "SecureXamarin\SecureXamarin.csproj", "{A7F98FE6-A698-4D20-B852-AB0D4DA3C24E}"
EndProject
Project("{2150E333-8FDC-42A3-9474-1A3956D46DE8}") = "Solution Items", "Solution Items", "{60776471-3040-464F-9D2F-4412EB97E338}"
	ProjectSection(SolutionItems) = preProject
		..\README.md = ..\README.md
	EndProjectSection
EndProject
Global
	GlobalSection(SolutionConfigurationPlatforms) = preSolution
		Debug|Any CPU = Debug|Any CPU
		Release|Any CPU = Release|Any CPU
		Debug|iPhoneSimulator = Debug|iPhoneSimulator
		Release|iPhoneSimulator = Release|iPhoneSimulator
		Debug|iPhone = Debug|iPhone
		Release|iPhone = Release|iPhone
	EndGlobalSection
	GlobalSection(ProjectConfigurationPlatforms) = postSolution
		{7781299E-8FC7-4573-BA80-4385CE45F403}.Debug|Any CPU.ActiveCfg = Debug|Any CPU
		{7781299E-8FC7-4573-BA80-4385CE45F403}.Debug|Any CPU.Build.0 = Debug|Any CPU
		{7781299E-8FC7-4573-BA80-4385CE45F403}.Release|Any CPU.ActiveCfg = Release|Any CPU
		{7781299E-8FC7-4573-BA80-4385CE45F403}.Release|Any CPU.Build.0 = Release|Any CPU
		{7781299E-8FC7-4573-BA80-4385CE45F403}.Debug|iPhoneSimulator.ActiveCfg = Debug|Any CPU
		{7781299E-8FC7-4573-BA80-4385CE45F403}.Debug|iPhoneSimulator.Build.0 = Debug|Any CPU
		{7781299E-8FC7-4573-BA80-4385CE45F403}.Release|iPhoneSimulator.ActiveCfg = Release|Any CPU
		{7781299E-8FC7-4573-BA80-4385CE45F403}.Release|iPhoneSimulator.Build.0 = Release|Any CPU
		{7781299E-8FC7-4573-BA80-4385CE45F403}.Debug|iPhone.ActiveCfg = Debug|Any CPU
		{7781299E-8FC7-4573-BA80-4385CE45F403}.Debug|iPhone.Build.0 = Debug|Any CPU
		{7781299E-8FC7-4573-BA80-4385CE45F403}.Release|iPhone.ActiveCfg = Release|Any CPU
		{7781299E-8FC7-4573-BA80-4385CE45F403}.Release|iPhone.Build.0 = Release|Any CPU
		{E6E2FACF-1564-4EBF-80A7-06B58C0A3BB4}.Debug|Any CPU.ActiveCfg = Debug|iPhoneSimulator
		{E6E2FACF-1564-4EBF-80A7-06B58C0A3BB4}.Debug|Any CPU.Build.0 = Debug|iPhoneSimulator
		{E6E2FACF-1564-4EBF-80A7-06B58C0A3BB4}.Release|Any CPU.ActiveCfg = Release|iPhoneSimulator
		{E6E2FACF-1564-4EBF-80A7-06B58C0A3BB4}.Release|Any CPU.Build.0 = Release|iPhoneSimulator
		{E6E2FACF-1564-4EBF-80A7-06B58C0A3BB4}.Debug|iPhoneSimulator.ActiveCfg = Debug|iPhoneSimulator
		{E6E2FACF-1564-4EBF-80A7-06B58C0A3BB4}.Debug|iPhoneSimulator.Build.0 = Debug|iPhoneSimulator
		{E6E2FACF-1564-4EBF-80A7-06B58C0A3BB4}.Release|iPhoneSimulator.ActiveCfg = Release|iPhoneSimulator
		{E6E2FACF-1564-4EBF-80A7-06B58C0A3BB4}.Release|iPhoneSimulator.Build.0 = Release|iPhoneSimulator
		{E6E2FACF-1564-4EBF-80A7-06B58C0A3BB4}.Debug|iPhone.ActiveCfg = Debug|iPhone
		{E6E2FACF-1564-4EBF-80A7-06B58C0A3BB4}.Debug|iPhone.Build.0 = Debug|iPhone
		{E6E2FACF-1564-4EBF-80A7-06B58C0A3BB4}.Release|iPhone.ActiveCfg = Release|iPhone
		{E6E2FACF-1564-4EBF-80A7-06B58C0A3BB4}.Release|iPhone.Build.0 = Release|iPhone
		{A7F98FE6-A698-4D20-B852-AB0D4DA3C24E}.Debug|Any CPU.ActiveCfg = Debug|Any CPU
		{A7F98FE6-A698-4D20-B852-AB0D4DA3C24E}.Debug|Any CPU.Build.0 = Debug|Any CPU
		{A7F98FE6-A698-4D20-B852-AB0D4DA3C24E}.Release|Any CPU.ActiveCfg = Release|Any CPU
		{A7F98FE6-A698-4D20-B852-AB0D4DA3C24E}.Release|Any CPU.Build.0 = Release|Any CPU
		{A7F98FE6-A698-4D20-B852-AB0D4DA3C24E}.Debug|iPhoneSimulator.ActiveCfg = Debug|Any CPU
		{A7F98FE6-A698-4D20-B852-AB0D4DA3C24E}.Debug|iPhoneSimulator.Build.0 = Debug|Any CPU
		{A7F98FE6-A698-4D20-B852-AB0D4DA3C24E}.Release|iPhoneSimulator.ActiveCfg = Release|Any CPU
		{A7F98FE6-A698-4D20-B852-AB0D4DA3C24E}.Release|iPhoneSimulator.Build.0 = Release|Any CPU
		{A7F98FE6-A698-4D20-B852-AB0D4DA3C24E}.Debug|iPhone.ActiveCfg = Debug|Any CPU
		{A7F98FE6-A698-4D20-B852-AB0D4DA3C24E}.Debug|iPhone.Build.0 = Debug|Any CPU
		{A7F98FE6-A698-4D20-B852-AB0D4DA3C24E}.Release|iPhone.ActiveCfg = Release|Any CPU
		{A7F98FE6-A698-4D20-B852-AB0D4DA3C24E}.Release|iPhone.Build.0 = Release|Any CPU
	EndGlobalSection
EndGlobal
